
Microsoft Visual Studio Solution File, Format Version 12.00
# Visual Studio Version 16
VisualStudioVersion = 16.0.32630.194
MinimumVisualStudioVersion = 10.0.40219.1
Project("{FAE04EC0-301F-11D3-BF4B-00C04F79EFBC}") = "IT PROJECT FOR CUSTOMER E COMMERCE", "IT PROJECT FOR CUSTOMER E COMMERCE.csproj", "{570BDBF4-3856-4D99-9CAD-67C3AA4D4DA2}"
EndProject
Global
	GlobalSection(SolutionConfigurationPlatforms) = preSolution
		Debug|Any CPU = Debug|Any CPU
		Release|Any CPU = Release|Any CPU
	EndGlobalSection
	GlobalSection(ProjectConfigurationPlatforms) = postSolution
		{570BDBF4-3856-4D99-9CAD-67C3AA4D4DA2}.Debug|Any CPU.ActiveCfg = Debug|Any CPU
		{570BDBF4-3856-4D99-9CAD-67C3AA4D4DA2}.Debug|Any CPU.Build.0 = Debug|Any CPU
		{570BDBF4-3856-4D99-9CAD-67C3AA4D4DA2}.Release|Any CPU.ActiveCfg = Release|Any CPU
		{570BDBF4-3856-4D99-9CAD-67C3AA4D4DA2}.Release|Any CPU.Build.0 = Release|Any CPU
	EndGlobalSection
	GlobalSection(SolutionProperties) = preSolution
		HideSolutionNode = FALSE
	EndGlobalSection
	GlobalSection(ExtensibilityGlobals) = postSolution
		SolutionGuid = {68B8B8EF-3A9F-41F5-B5BA-AE5C5D27595B}
	EndGlobalSection
EndGlobal
